
Microsoft Visual Studio Solution File, Format Version 12.00
# Visual Studio Version 17
VisualStudioVersion = 17.1.32407.343
MinimumVisualStudioVersion = 10.0.40219.1
Project("{9A19103F-16F7-4668-BE54-9A1E7A4F7556}") = "Console_Encoder", "Console_Encoder.csproj", "{5932430D-784F-48AC-A7AC-7CAC07A0281D}"
EndProject
Project("{9A19103F-16F7-4668-BE54-9A1E7A4F7556}") = "Console0_Validation", "..\Console_Validation\Console0_Validation.csproj", "{F93B5E2E-9AF0-4D02-9C28-64075838144F}"
EndProject
Project("{9A19103F-16F7-4668-BE54-9A1E7A4F7556}") = "Console0_System", "..\Console0_System\Console0_System.csproj", "{D3B19D7F-BAFE-4E03-A250-6FD451A715B8}"
EndProject
Project("{9A19103F-16F7-4668-BE54-9A1E7A4F7556}") = "Console1_Watch", "..\Console1_Watch\Console1_Watch.csproj", "{61EF76C3-3C26-48F1-BF12-6AA67CD59929}"
EndProject
Project("{9A19103F-16F7-4668-BE54-9A1E7A4F7556}") = "Console2_CompileCs", "..\Console2_CompileCs\Console2_CompileCs.csproj", "{F87B1F88-60C0-4A87-B482-A9E0FAB294DC}"
EndProject
Global
	GlobalSection(SolutionConfigurationPlatforms) = preSolution
		Debug|Any CPU = Debug|Any CPU
		Release|Any CPU = Release|Any CPU
	EndGlobalSection
	GlobalSection(ProjectConfigurationPlatforms) = postSolution
		{5932430D-784F-48AC-A7AC-7CAC07A0281D}.Debug|Any CPU.ActiveCfg = Debug|Any CPU
		{5932430D-784F-48AC-A7AC-7CAC07A0281D}.Debug|Any CPU.Build.0 = Debug|Any CPU
		{5932430D-784F-48AC-A7AC-7CAC07A0281D}.Release|Any CPU.ActiveCfg = Release|Any CPU
		{5932430D-784F-48AC-A7AC-7CAC07A0281D}.Release|Any CPU.Build.0 = Release|Any CPU
		{F93B5E2E-9AF0-4D02-9C28-64075838144F}.Debug|Any CPU.ActiveCfg = Debug|Any CPU
		{F93B5E2E-9AF0-4D02-9C28-64075838144F}.Debug|Any CPU.Build.0 = Debug|Any CPU
		{F93B5E2E-9AF0-4D02-9C28-64075838144F}.Release|Any CPU.ActiveCfg = Release|Any CPU
		{F93B5E2E-9AF0-4D02-9C28-64075838144F}.Release|Any CPU.Build.0 = Release|Any CPU
		{D3B19D7F-BAFE-4E03-A250-6FD451A715B8}.Debug|Any CPU.ActiveCfg = Debug|Any CPU
		{D3B19D7F-BAFE-4E03-A250-6FD451A715B8}.Debug|Any CPU.Build.0 = Debug|Any CPU
		{D3B19D7F-BAFE-4E03-A250-6FD451A715B8}.Release|Any CPU.ActiveCfg = Release|Any CPU
		{D3B19D7F-BAFE-4E03-A250-6FD451A715B8}.Release|Any CPU.Build.0 = Release|Any CPU
		{61EF76C3-3C26-48F1-BF12-6AA67CD59929}.Debug|Any CPU.ActiveCfg = Debug|Any CPU
		{61EF76C3-3C26-48F1-BF12-6AA67CD59929}.Debug|Any CPU.Build.0 = Debug|Any CPU
		{61EF76C3-3C26-48F1-BF12-6AA67CD59929}.Release|Any CPU.ActiveCfg = Release|Any CPU
		{61EF76C3-3C26-48F1-BF12-6AA67CD59929}.Release|Any CPU.Build.0 = Release|Any CPU
		{F87B1F88-60C0-4A87-B482-A9E0FAB294DC}.Debug|Any CPU.ActiveCfg = Debug|Any CPU
		{F87B1F88-60C0-4A87-B482-A9E0FAB294DC}.Debug|Any CPU.Build.0 = Debug|Any CPU
		{F87B1F88-60C0-4A87-B482-A9E0FAB294DC}.Release|Any CPU.ActiveCfg = Release|Any CPU
		{F87B1F88-60C0-4A87-B482-A9E0FAB294DC}.Release|Any CPU.Build.0 = Release|Any CPU
	EndGlobalSection
	GlobalSection(SolutionProperties) = preSolution
		HideSolutionNode = FALSE
	EndGlobalSection
	GlobalSection(ExtensibilityGlobals) = postSolution
		SolutionGuid = {6FD34451-094E-4463-B25D-3F2AE3918FC1}
	EndGlobalSection
EndGlobal
